// !$*UTF8*$!
{
	archiveVersion = 1;
	classes = {
	};
	objectVersion = 56;
	objects = {

/* Begin PBXBuildFile section */
		AF7C75C00D054D2DB25BABAE /* SymphoniaApp.swift in Sources */ = {isa = PBXBuildFile; fileRef = 4C18422568CB4106B12E7202 /* SymphoniaApp.swift */; };
		2A72F089057E40A49CBAC6A2 /* ContentView.swift in Sources */ = {isa = PBXBuildFile; fileRef = 620CC0292595445B9FD787B4 /* ContentView.swift */; };
		A1B2C3D4E5F60718293A4B5C /* PreferencesSettingsView.swift in Sources */ = {isa = PBXBuildFile; fileRef = A1B2C3D4E5F60718293A4B5D /* PreferencesSettingsView.swift */; };
		6A59CCFBAA5045A5B1E97F7D /* Assets.xcassets in Resources */ = {isa = PBXBuildFile; fileRef = 1A6590DB81C34F668323C7B0 /* Assets.xcassets */; };
		4D1FDB6B56E94FF6985556F3 /* TerminalModule.swift in Sources */ = {isa = PBXBuildFile; fileRef = 115412EC1D89435FBC63B315 /* TerminalModule.swift */; };
		B8E41C2A9F7D4E6B8C1A0D23 /* TerminalSurfaceView.swift in Sources */ = {isa = PBXBuildFile; fileRef = C3D52E7B1A904F8E9B6C4D12 /* TerminalSurfaceView.swift */; };
		1A2313927860493CBAACEF77 /* DomainModule.swift in Sources */ = {isa = PBXBuildFile; fileRef = E37F70031D6C42AEBC6226D2 /* DomainModule.swift */; };
		B0C1D2E3F405162738495A6B /* SymphoniaPaths.swift in Sources */ = {isa = PBXBuildFile; fileRef = B0C1D2E3F405162738495A6C /* SymphoniaPaths.swift */; };
		B0C1D2E3F405162738495A6D /* GlobalPreferences.swift in Sources */ = {isa = PBXBuildFile; fileRef = B0C1D2E3F405162738495A6E /* GlobalPreferences.swift */; };
		B0C1D2E3F405162738495A6F /* WorkspaceSettingOverrides.swift in Sources */ = {isa = PBXBuildFile; fileRef = B0C1D2E3F405162738495A70 /* WorkspaceSettingOverrides.swift */; };
		B0C1D2E3F405162738495A71 /* EffectiveSettings.swift in Sources */ = {isa = PBXBuildFile; fileRef = B0C1D2E3F405162738495A72 /* EffectiveSettings.swift */; };
		B0C1D2E3F405162738495A73 /* PreferencesStore.swift in Sources */ = {isa = PBXBuildFile; fileRef = B0C1D2E3F405162738495A74 /* PreferencesStore.swift */; };
		B0C1D2E3F405162738495A75 /* PreferencesController.swift in Sources */ = {isa = PBXBuildFile; fileRef = B0C1D2E3F405162738495A76 /* PreferencesController.swift */; };
		B0C1D2E3F405162738495A77 /* EditorCommandResolver.swift in Sources */ = {isa = PBXBuildFile; fileRef = B0C1D2E3F405162738495A78 /* EditorCommandResolver.swift */; };
		C1D2E3F405162738495A6B01 /* WorkspaceSlug.swift in Sources */ = {isa = PBXBuildFile; fileRef = C1D2E3F405162738495A6B02 /* WorkspaceSlug.swift */; };
		C1D2E3F405162738495A6B03 /* WorkspaceConfig.swift in Sources */ = {isa = PBXBuildFile; fileRef = C1D2E3F405162738495A6B04 /* WorkspaceConfig.swift */; };
		C1D2E3F405162738495A6B05 /* WorkspaceStore.swift in Sources */ = {isa = PBXBuildFile; fileRef = C1D2E3F405162738495A6B06 /* WorkspaceStore.swift */; };
		C1D2E3F405162738495A6B07 /* WorkspaceController.swift in Sources */ = {isa = PBXBuildFile; fileRef = C1D2E3F405162738495A6B08 /* WorkspaceController.swift */; };
		C1D2E3F405162738495A6B09 /* WorkspaceScaffoldView.swift in Sources */ = {isa = PBXBuildFile; fileRef = C1D2E3F405162738495A6B0A /* WorkspaceScaffoldView.swift */; };
		D2E3F405162738495A6B0B01 /* ThreeWordName.swift in Sources */ = {isa = PBXBuildFile; fileRef = D2E3F405162738495A6B0B02 /* ThreeWordName.swift */; };
		D2E3F405162738495A6B0B03 /* AgentStore.swift in Sources */ = {isa = PBXBuildFile; fileRef = D2E3F405162738495A6B0B04 /* AgentStore.swift */; };
		D2E3F405162738495A6B0B05 /* AgentController.swift in Sources */ = {isa = PBXBuildFile; fileRef = D2E3F405162738495A6B0B06 /* AgentController.swift */; };
		D2E3F405162738495A6B0B07 /* AgentScaffoldView.swift in Sources */ = {isa = PBXBuildFile; fileRef = D2E3F405162738495A6B0B08 /* AgentScaffoldView.swift */; };
		E4A11B0C0D1E4F8A9B2C3D40 /* GhosttyKit.xcframework in Frameworks */ = {isa = PBXBuildFile; fileRef = E4A11B0C0D1E4F8A9B2C3D41 /* GhosttyKit.xcframework */; };
		E4A11B0C0D1E4F8A9B2C3D42 /* Carbon.framework in Frameworks */ = {isa = PBXBuildFile; fileRef = E4A11B0C0D1E4F8A9B2C3D43 /* Carbon.framework */; };
/* End PBXBuildFile section */

/* Begin PBXFileReference section */
		7FE8084FD8124194B3CC9CEC /* Symphonia.app */ = {isa = PBXFileReference; explicitFileType = wrapper.application; includeInIndex = 0; path = Symphonia.app; sourceTree = BUILT_PRODUCTS_DIR; };
		4C18422568CB4106B12E7202 /* SymphoniaApp.swift */ = {isa = PBXFileReference; lastKnownFileType = sourcecode.swift; path = SymphoniaApp.swift; sourceTree = "<group>"; };
		620CC0292595445B9FD787B4 /* ContentView.swift */ = {isa = PBXFileReference; lastKnownFileType = sourcecode.swift; path = ContentView.swift; sourceTree = "<group>"; };
		A1B2C3D4E5F60718293A4B5D /* PreferencesSettingsView.swift */ = {isa = PBXFileReference; lastKnownFileType = sourcecode.swift; path = PreferencesSettingsView.swift; sourceTree = "<group>"; };
		1A6590DB81C34F668323C7B0 /* Assets.xcassets */ = {isa = PBXFileReference; lastKnownFileType = folder.assetcatalog; path = Assets.xcassets; sourceTree = "<group>"; };
		115412EC1D89435FBC63B315 /* TerminalModule.swift */ = {isa = PBXFileReference; lastKnownFileType = sourcecode.swift; path = TerminalModule.swift; sourceTree = "<group>"; };
		C3D52E7B1A904F8E9B6C4D12 /* TerminalSurfaceView.swift */ = {isa = PBXFileReference; lastKnownFileType = sourcecode.swift; path = TerminalSurfaceView.swift; sourceTree = "<group>"; };
		E37F70031D6C42AEBC6226D2 /* DomainModule.swift */ = {isa = PBXFileReference; lastKnownFileType = sourcecode.swift; path = DomainModule.swift; sourceTree = "<group>"; };
		B0C1D2E3F405162738495A6C /* SymphoniaPaths.swift */ = {isa = PBXFileReference; lastKnownFileType = sourcecode.swift; path = SymphoniaPaths.swift; sourceTree = "<group>"; };
		B0C1D2E3F405162738495A6E /* GlobalPreferences.swift */ = {isa = PBXFileReference; lastKnownFileType = sourcecode.swift; path = GlobalPreferences.swift; sourceTree = "<group>"; };
		B0C1D2E3F405162738495A70 /* WorkspaceSettingOverrides.swift */ = {isa = PBXFileReference; lastKnownFileType = sourcecode.swift; path = WorkspaceSettingOverrides.swift; sourceTree = "<group>"; };
		B0C1D2E3F405162738495A72 /* EffectiveSettings.swift */ = {isa = PBXFileReference; lastKnownFileType = sourcecode.swift; path = EffectiveSettings.swift; sourceTree = "<group>"; };
		B0C1D2E3F405162738495A74 /* PreferencesStore.swift */ = {isa = PBXFileReference; lastKnownFileType = sourcecode.swift; path = PreferencesStore.swift; sourceTree = "<group>"; };
		B0C1D2E3F405162738495A76 /* PreferencesController.swift */ = {isa = PBXFileReference; lastKnownFileType = sourcecode.swift; path = PreferencesController.swift; sourceTree = "<group>"; };
		B0C1D2E3F405162738495A78 /* EditorCommandResolver.swift */ = {isa = PBXFileReference; lastKnownFileType = sourcecode.swift; path = EditorCommandResolver.swift; sourceTree = "<group>"; };
		C1D2E3F405162738495A6B02 /* WorkspaceSlug.swift */ = {isa = PBXFileReference; lastKnownFileType = sourcecode.swift; path = WorkspaceSlug.swift; sourceTree = "<group>"; };
		C1D2E3F405162738495A6B04 /* WorkspaceConfig.swift */ = {isa = PBXFileReference; lastKnownFileType = sourcecode.swift; path = WorkspaceConfig.swift; sourceTree = "<group>"; };
		C1D2E3F405162738495A6B06 /* WorkspaceStore.swift */ = {isa = PBXFileReference; lastKnownFileType = sourcecode.swift; path = WorkspaceStore.swift; sourceTree = "<group>"; };
		C1D2E3F405162738495A6B08 /* WorkspaceController.swift */ = {isa = PBXFileReference; lastKnownFileType = sourcecode.swift; path = WorkspaceController.swift; sourceTree = "<group>"; };
		C1D2E3F405162738495A6B0A /* WorkspaceScaffoldView.swift */ = {isa = PBXFileReference; lastKnownFileType = sourcecode.swift; path = WorkspaceScaffoldView.swift; sourceTree = "<group>"; };
		D2E3F405162738495A6B0B02 /* ThreeWordName.swift */ = {isa = PBXFileReference; lastKnownFileType = sourcecode.swift; path = ThreeWordName.swift; sourceTree = "<group>"; };
		D2E3F405162738495A6B0B04 /* AgentStore.swift */ = {isa = PBXFileReference; lastKnownFileType = sourcecode.swift; path = AgentStore.swift; sourceTree = "<group>"; };
		D2E3F405162738495A6B0B06 /* AgentController.swift */ = {isa = PBXFileReference; lastKnownFileType = sourcecode.swift; path = AgentController.swift; sourceTree = "<group>"; };
		D2E3F405162738495A6B0B08 /* AgentScaffoldView.swift */ = {isa = PBXFileReference; lastKnownFileType = sourcecode.swift; path = AgentScaffoldView.swift; sourceTree = "<group>"; };
		E4A11B0C0D1E4F8A9B2C3D41 /* GhosttyKit.xcframework */ = {isa = PBXFileReference; lastKnownFileType = wrapper.xcframework; path = GhosttyKit.xcframework; sourceTree = "<group>"; };
		E4A11B0C0D1E4F8A9B2C3D43 /* Carbon.framework */ = {isa = PBXFileReference; lastKnownFileType = wrapper.framework; name = Carbon.framework; path = System/Library/Frameworks/Carbon.framework; sourceTree = SDKROOT; };
/* End PBXFileReference section */

/* Begin PBXFrameworksBuildPhase section */
		0BB284DF2D6F4A50A0F1644A /* Frameworks */ = {
			isa = PBXFrameworksBuildPhase;
			buildActionMask = 2147483647;
			files = (
				E4A11B0C0D1E4F8A9B2C3D42 /* Carbon.framework in Frameworks */,
				E4A11B0C0D1E4F8A9B2C3D40 /* GhosttyKit.xcframework in Frameworks */,
			);
			runOnlyForDeploymentPostprocessing = 0;
		};
/* End PBXFrameworksBuildPhase section */

/* Begin PBXGroup section */
		76AC3348BA4440BB902AC63D = {
			isa = PBXGroup;
			children = (
				B3307850172D4F34B9A4D0DF /* App */,
				4F4E7B38F649454F947CDC91 /* Terminal */,
				388BA989C1C3443AA48DAC36 /* Domain */,
				E4A11B0C0D1E4F8A9B2C3D44 /* Frameworks */,
				BA5CF9F1D518421ABB0AD16D /* Products */,
			);
			sourceTree = "<group>";
		};
		E4A11B0C0D1E4F8A9B2C3D44 /* Frameworks */ = {
			isa = PBXGroup;
			children = (
				E4A11B0C0D1E4F8A9B2C3D43 /* Carbon.framework */,
			);
			name = Frameworks;
			sourceTree = "<group>";
		};
		BA5CF9F1D518421ABB0AD16D /* Products */ = {
			isa = PBXGroup;
			children = (
				7FE8084FD8124194B3CC9CEC /* Symphonia.app */,
			);
			name = Products;
			sourceTree = "<group>";
		};
		B3307850172D4F34B9A4D0DF /* App */ = {
			isa = PBXGroup;
			children = (
				4C18422568CB4106B12E7202 /* SymphoniaApp.swift */,
				620CC0292595445B9FD787B4 /* ContentView.swift */,
				C1D2E3F405162738495A6B0A /* WorkspaceScaffoldView.swift */,
				D2E3F405162738495A6B0B08 /* AgentScaffoldView.swift */,
				A1B2C3D4E5F60718293A4B5D /* PreferencesSettingsView.swift */,
				1A6590DB81C34F668323C7B0 /* Assets.xcassets */,
			);
			path = App;
			sourceTree = "<group>";
		};
		4F4E7B38F649454F947CDC91 /* Terminal */ = {
			isa = PBXGroup;
			children = (
				115412EC1D89435FBC63B315 /* TerminalModule.swift */,
				C3D52E7B1A904F8E9B6C4D12 /* TerminalSurfaceView.swift */,
				E4A11B0C0D1E4F8A9B2C3D41 /* GhosttyKit.xcframework */,
			);
			path = Terminal;
			sourceTree = "<group>";
		};
		388BA989C1C3443AA48DAC36 /* Domain */ = {
			isa = PBXGroup;
			children = (
				E37F70031D6C42AEBC6226D2 /* DomainModule.swift */,
				C0D1E2F30415263748596A7B /* Preferences */,
				C1D2E3F405162738495A6B00 /* Workspace */,
				D2E3F405162738495A6B0B00 /* Agent */,
			);
			path = Domain;
			sourceTree = "<group>";
		};
		C1D2E3F405162738495A6B00 /* Workspace */ = {
			isa = PBXGroup;
			children = (
				C1D2E3F405162738495A6B02 /* WorkspaceSlug.swift */,
				C1D2E3F405162738495A6B04 /* WorkspaceConfig.swift */,
				C1D2E3F405162738495A6B06 /* WorkspaceStore.swift */,
				C1D2E3F405162738495A6B08 /* WorkspaceController.swift */,
			);
			path = Workspace;
			sourceTree = "<group>";
		};
		D2E3F405162738495A6B0B00 /* Agent */ = {
			isa = PBXGroup;
			children = (
				D2E3F405162738495A6B0B02 /* ThreeWordName.swift */,
				D2E3F405162738495A6B0B04 /* AgentStore.swift */,
				D2E3F405162738495A6B0B06 /* AgentController.swift */,
			);
			path = Agent;
			sourceTree = "<group>";
		};
		C0D1E2F30415263748596A7B /* Preferences */ = {
			isa = PBXGroup;
			children = (
				B0C1D2E3F405162738495A6C /* SymphoniaPaths.swift */,
				B0C1D2E3F405162738495A6E /* GlobalPreferences.swift */,
				B0C1D2E3F405162738495A78 /* EditorCommandResolver.swift */,
				B0C1D2E3F405162738495A70 /* WorkspaceSettingOverrides.swift */,
				B0C1D2E3F405162738495A72 /* EffectiveSettings.swift */,
				B0C1D2E3F405162738495A74 /* PreferencesStore.swift */,
				B0C1D2E3F405162738495A76 /* PreferencesController.swift */,
			);
			path = Preferences;
			sourceTree = "<group>";
		};
/* End PBXGroup section */

/* Begin PBXNativeTarget section */
		89FC068BC1AE41C784F2DF77 /* Symphonia */ = {
			isa = PBXNativeTarget;
			buildConfigurationList = F9E64F759A23402F8E68BBDE /* Build configuration list for PBXNativeTarget "Symphonia" */;
			buildPhases = (
				2A72F089057E40A49CBAC6A3 /* Sources */,
				0BB284DF2D6F4A50A0F1644A /* Frameworks */,
				6A59CCFBAA5045A5B1E97F7E /* Resources */,
			);
			buildRules = (
			);
			dependencies = (
			);
			name = Symphonia;
			productName = Symphonia;
			productReference = 7FE8084FD8124194B3CC9CEC /* Symphonia.app */;
			productType = "com.apple.product-type.application";
		};
/* End PBXNativeTarget section */

/* Begin PBXProject section */
		1A2313927860493CBAACEF78 /* Project object */ = {
			isa = PBXProject;
			attributes = {
				BuildIndependentTargetsInParallel = 1;
				LastSwiftUpdateCheck = 2600;
				LastUpgradeCheck = 2600;
				TargetAttributes = {
					89FC068BC1AE41C784F2DF77 = {
						CreatedOnToolsVersion = 26.0;
					};
				};
			};
			buildConfigurationList = 76AC3348BA4440BB902AC63E /* Build configuration list for PBXProject "Symphonia" */;
			compatibilityVersion = "Xcode 15.0";
			developmentRegion = en;
			hasScannedForEncodings = 0;
			knownRegions = (
				en,
				Base,
			);
			mainGroup = 76AC3348BA4440BB902AC63D;
			productRefGroup = BA5CF9F1D518421ABB0AD16D /* Products */;
			projectDirPath = "";
			projectRoot = "";
			targets = (
				89FC068BC1AE41C784F2DF77 /* Symphonia */,
			);
		};
/* End PBXProject section */

/* Begin PBXResourcesBuildPhase section */
		6A59CCFBAA5045A5B1E97F7E /* Resources */ = {
			isa = PBXResourcesBuildPhase;
			buildActionMask = 2147483647;
			files = (
				6A59CCFBAA5045A5B1E97F7D /* Assets.xcassets in Resources */,
			);
			runOnlyForDeploymentPostprocessing = 0;
		};
/* End PBXResourcesBuildPhase section */

/* Begin PBXSourcesBuildPhase section */
		2A72F089057E40A49CBAC6A3 /* Sources */ = {
			isa = PBXSourcesBuildPhase;
			buildActionMask = 2147483647;
			files = (
				AF7C75C00D054D2DB25BABAE /* SymphoniaApp.swift in Sources */,
				2A72F089057E40A49CBAC6A2 /* ContentView.swift in Sources */,
				A1B2C3D4E5F60718293A4B5C /* PreferencesSettingsView.swift in Sources */,
				4D1FDB6B56E94FF6985556F3 /* TerminalModule.swift in Sources */,
				B8E41C2A9F7D4E6B8C1A0D23 /* TerminalSurfaceView.swift in Sources */,
				1A2313927860493CBAACEF77 /* DomainModule.swift in Sources */,
				B0C1D2E3F405162738495A6B /* SymphoniaPaths.swift in Sources */,
				B0C1D2E3F405162738495A6D /* GlobalPreferences.swift in Sources */,
				B0C1D2E3F405162738495A77 /* EditorCommandResolver.swift in Sources */,
				B0C1D2E3F405162738495A6F /* WorkspaceSettingOverrides.swift in Sources */,
				B0C1D2E3F405162738495A71 /* EffectiveSettings.swift in Sources */,
				B0C1D2E3F405162738495A73 /* PreferencesStore.swift in Sources */,
				B0C1D2E3F405162738495A75 /* PreferencesController.swift in Sources */,
				C1D2E3F405162738495A6B01 /* WorkspaceSlug.swift in Sources */,
				C1D2E3F405162738495A6B03 /* WorkspaceConfig.swift in Sources */,
				C1D2E3F405162738495A6B05 /* WorkspaceStore.swift in Sources */,
				C1D2E3F405162738495A6B07 /* WorkspaceController.swift in Sources */,
				C1D2E3F405162738495A6B09 /* WorkspaceScaffoldView.swift in Sources */,
				D2E3F405162738495A6B0B01 /* ThreeWordName.swift in Sources */,
				D2E3F405162738495A6B0B03 /* AgentStore.swift in Sources */,
				D2E3F405162738495A6B0B05 /* AgentController.swift in Sources */,
				D2E3F405162738495A6B0B07 /* AgentScaffoldView.swift in Sources */,
			);
			runOnlyForDeploymentPostprocessing = 0;
		};
/* End PBXSourcesBuildPhase section */

/* Begin XCBuildConfiguration section */
		0BB284DF2D6F4A50A0F1644B /* Debug */ = {
			isa = XCBuildConfiguration;
			buildSettings = {
				ALWAYS_SEARCH_USER_PATHS = NO;
				ASSETCATALOG_COMPILER_GENERATE_SWIFT_ASSET_SYMBOL_EXTENSIONS = YES;
				CLANG_ENABLE_MODULES = YES;
				CLANG_ENABLE_OBJC_ARC = YES;
				COPY_PHASE_STRIP = NO;
				DEBUG_INFORMATION_FORMAT = dwarf;
				ENABLE_TESTABILITY = YES;
				GCC_DYNAMIC_NO_PIC = NO;
				GCC_OPTIMIZATION_LEVEL = 0;
				MACOSX_DEPLOYMENT_TARGET = 14.0;
				ONLY_ACTIVE_ARCH = YES;
				SDKROOT = macosx;
				SWIFT_ACTIVE_COMPILATION_CONDITIONS = "DEBUG $(inherited)";
				SWIFT_OPTIMIZATION_LEVEL = "-Onone";
			};
			name = Debug;
		};
		0BB284DF2D6F4A50A0F1644C /* Release */ = {
			isa = XCBuildConfiguration;
			buildSettings = {
				ALWAYS_SEARCH_USER_PATHS = NO;
				ASSETCATALOG_COMPILER_GENERATE_SWIFT_ASSET_SYMBOL_EXTENSIONS = YES;
				CLANG_ENABLE_MODULES = YES;
				CLANG_ENABLE_OBJC_ARC = YES;
				COPY_PHASE_STRIP = NO;
				DEBUG_INFORMATION_FORMAT = "dwarf-with-dsym";
				MACOSX_DEPLOYMENT_TARGET = 14.0;
				SDKROOT = macosx;
				SWIFT_COMPILATION_MODE = wholemodule;
			};
			name = Release;
		};
		F9E64F759A23402F8E68BBDF /* Debug */ = {
			isa = XCBuildConfiguration;
			buildSettings = {
				ASSETCATALOG_COMPILER_APPICON_NAME = AppIcon;
				CODE_SIGN_IDENTITY = "-";
				CODE_SIGN_STYLE = Automatic;
				COMBINE_HIDPI_IMAGES = YES;
				CURRENT_PROJECT_VERSION = 1;
				ENABLE_HARDENED_RUNTIME = YES;
				FRAMEWORK_SEARCH_PATHS = (
					"$(inherited)",
					"$(PROJECT_DIR)/Terminal",
				);
				GENERATE_INFOPLIST_FILE = YES;
				INFOPLIST_KEY_CFBundleDisplayName = Symphonia;
				INFOPLIST_KEY_NSHumanReadableCopyright = "";
				INFOPLIST_KEY_NSPrincipalClass = NSApplication;
				LD_RUNPATH_SEARCH_PATHS = (
					"$(inherited)",
					"@executable_path/../Frameworks",
				);
				LIBRARY_SEARCH_PATHS = (
					"$(inherited)",
					"$(PROJECT_DIR)/Terminal",
				);
				MARKETING_VERSION = 0.1.0;
				OTHER_LDFLAGS = (
					"$(inherited)",
					"-lstdc++",
				);
				PRODUCT_BUNDLE_IDENTIFIER = com.symphonia.app;
				PRODUCT_NAME = "$(TARGET_NAME)";
				SWIFT_EMIT_LOC_STRINGS = YES;
				SWIFT_VERSION = 5.0;
			};
			name = Debug;
		};
		F9E64F759A23402F8E68BBE0 /* Release */ = {
			isa = XCBuildConfiguration;
			buildSettings = {
				ASSETCATALOG_COMPILER_APPICON_NAME = AppIcon;
				CODE_SIGN_IDENTITY = "-";
				CODE_SIGN_STYLE = Automatic;
				COMBINE_HIDPI_IMAGES = YES;
				CURRENT_PROJECT_VERSION = 1;
				ENABLE_HARDENED_RUNTIME = YES;
				FRAMEWORK_SEARCH_PATHS = (
					"$(inherited)",
					"$(PROJECT_DIR)/Terminal",
				);
				GENERATE_INFOPLIST_FILE = YES;
				INFOPLIST_KEY_CFBundleDisplayName = Symphonia;
				INFOPLIST_KEY_NSHumanReadableCopyright = "";
				INFOPLIST_KEY_NSPrincipalClass = NSApplication;
				LD_RUNPATH_SEARCH_PATHS = (
					"$(inherited)",
					"@executable_path/../Frameworks",
				);
				LIBRARY_SEARCH_PATHS = (
					"$(inherited)",
					"$(PROJECT_DIR)/Terminal",
				);
				MARKETING_VERSION = 0.1.0;
				OTHER_LDFLAGS = (
					"$(inherited)",
					"-lstdc++",
				);
				PRODUCT_BUNDLE_IDENTIFIER = com.symphonia.app;
				PRODUCT_NAME = "$(TARGET_NAME)";
				SWIFT_EMIT_LOC_STRINGS = YES;
				SWIFT_VERSION = 5.0;
			};
			name = Release;
		};
/* End XCBuildConfiguration section */

/* Begin XCConfigurationList section */
		76AC3348BA4440BB902AC63E /* Build configuration list for PBXProject "Symphonia" */ = {
			isa = XCConfigurationList;
			buildConfigurations = (
				0BB284DF2D6F4A50A0F1644B /* Debug */,
				0BB284DF2D6F4A50A0F1644C /* Release */,
			);
			defaultConfigurationIsVisible = 0;
			defaultConfigurationName = Release;
		};
		F9E64F759A23402F8E68BBDE /* Build configuration list for PBXNativeTarget "Symphonia" */ = {
			isa = XCConfigurationList;
			buildConfigurations = (
				F9E64F759A23402F8E68BBDF /* Debug */,
				F9E64F759A23402F8E68BBE0 /* Release */,
			);
			defaultConfigurationIsVisible = 0;
			defaultConfigurationName = Release;
		};
/* End XCConfigurationList section */
	};
	rootObject = 1A2313927860493CBAACEF78 /* Project object */;
}
